
Microsoft Visual Studio Solution File, Format Version 12.00
# Visual Studio Version 17
VisualStudioVersion = 17.14.36310.24 d17.14
MinimumVisualStudioVersion = 10.0.40219.1
Project("{FAE04EC0-301F-11D3-BF4B-00C04F79EFBC}") = "Masivy", "Masivy.csproj", "{BAFA3508-5B1D-4EF8-8A69-8525BFC5AB14}"
EndProject
Global
	GlobalSection(SolutionConfigurationPlatforms) = preSolution
		Debug|Any CPU = Debug|Any CPU
		Release|Any CPU = Release|Any CPU
	EndGlobalSection
	GlobalSection(ProjectConfigurationPlatforms) = postSolution
		{BAFA3508-5B1D-4EF8-8A69-8525BFC5AB14}.Debug|Any CPU.ActiveCfg = Debug|Any CPU
		{BAFA3508-5B1D-4EF8-8A69-8525BFC5AB14}.Debug|Any CPU.Build.0 = Debug|Any CPU
		{BAFA3508-5B1D-4EF8-8A69-8525BFC5AB14}.Release|Any CPU.ActiveCfg = Release|Any CPU
		{BAFA3508-5B1D-4EF8-8A69-8525BFC5AB14}.Release|Any CPU.Build.0 = Release|Any CPU
	EndGlobalSection
	GlobalSection(SolutionProperties) = preSolution
		HideSolutionNode = FALSE
	EndGlobalSection
	GlobalSection(ExtensibilityGlobals) = postSolution
		SolutionGuid = {B075A3E6-4979-4019-A81A-2356874417A7}
	EndGlobalSection
EndGlobal
